
Microsoft Visual Studio Solution File, Format Version 12.00
# Visual Studio Version 17
VisualStudioVersion = 17.0.31903.59
MinimumVisualStudioVersion = 10.0.40219.1
Project("{FAE04EC0-301F-11D3-BF4B-00C04F79EFBC}") = "API", "API\API.csproj", "{69B4DE43-343C-494A-A373-04A2395E2F71}"
EndProject
Project("{FAE04EC0-301F-11D3-BF4B-00C04F79EFBC}") = "Application", "Application\Application.csproj", "{90E876CB-D00D-4225-9D4D-7DEFC47601A8}"
EndProject
Project("{FAE04EC0-301F-11D3-BF4B-00C04F79EFBC}") = "Domain", "Domain\Domain.csproj", "{CD8A076C-2D5E-4E0F-BBA2-9CD5416AEC12}"
EndProject
Project("{FAE04EC0-301F-11D3-BF4B-00C04F79EFBC}") = "Persistence", "Persistence\Persistence.csproj", "{C46B403F-7D7A-478D-894E-B1BA0461A6C0}"
EndProject
Global
	GlobalSection(SolutionConfigurationPlatforms) = preSolution
		Debug|Any CPU = Debug|Any CPU
		Release|Any CPU = Release|Any CPU
	EndGlobalSection
	GlobalSection(SolutionProperties) = preSolution
		HideSolutionNode = FALSE
	EndGlobalSection
	GlobalSection(ProjectConfigurationPlatforms) = postSolution
		{69B4DE43-343C-494A-A373-04A2395E2F71}.Debug|Any CPU.ActiveCfg = Debug|Any CPU
		{69B4DE43-343C-494A-A373-04A2395E2F71}.Debug|Any CPU.Build.0 = Debug|Any CPU
		{69B4DE43-343C-494A-A373-04A2395E2F71}.Release|Any CPU.ActiveCfg = Release|Any CPU
		{69B4DE43-343C-494A-A373-04A2395E2F71}.Release|Any CPU.Build.0 = Release|Any CPU
		{90E876CB-D00D-4225-9D4D-7DEFC47601A8}.Debug|Any CPU.ActiveCfg = Debug|Any CPU
		{90E876CB-D00D-4225-9D4D-7DEFC47601A8}.Debug|Any CPU.Build.0 = Debug|Any CPU
		{90E876CB-D00D-4225-9D4D-7DEFC47601A8}.Release|Any CPU.ActiveCfg = Release|Any CPU
		{90E876CB-D00D-4225-9D4D-7DEFC47601A8}.Release|Any CPU.Build.0 = Release|Any CPU
		{CD8A076C-2D5E-4E0F-BBA2-9CD5416AEC12}.Debug|Any CPU.ActiveCfg = Debug|Any CPU
		{CD8A076C-2D5E-4E0F-BBA2-9CD5416AEC12}.Debug|Any CPU.Build.0 = Debug|Any CPU
		{CD8A076C-2D5E-4E0F-BBA2-9CD5416AEC12}.Release|Any CPU.ActiveCfg = Release|Any CPU
		{CD8A076C-2D5E-4E0F-BBA2-9CD5416AEC12}.Release|Any CPU.Build.0 = Release|Any CPU
		{C46B403F-7D7A-478D-894E-B1BA0461A6C0}.Debug|Any CPU.ActiveCfg = Debug|Any CPU
		{C46B403F-7D7A-478D-894E-B1BA0461A6C0}.Debug|Any CPU.Build.0 = Debug|Any CPU
		{C46B403F-7D7A-478D-894E-B1BA0461A6C0}.Release|Any CPU.ActiveCfg = Release|Any CPU
		{C46B403F-7D7A-478D-894E-B1BA0461A6C0}.Release|Any CPU.Build.0 = Release|Any CPU
	EndGlobalSection
EndGlobal
